
Microsoft Visual Studio Solution File, Format Version 12.00
# Visual Studio Version 17
VisualStudioVersion = 17.13.35931.197
MinimumVisualStudioVersion = 10.0.40219.1
Project("{2150E333-8FDC-42A3-9474-1A3956D46DE8}") = "Task0", "Task0", "{02EA681E-C7D8-13C7-8484-4AC65E1B71E8}"
EndProject
Project("{FAE04EC0-301F-11D3-BF4B-00C04F79EFBC}") = "Tyuiu.NazarovAA.Sprint3.Task0.V1", "Tyuiu.NazarovAA.Sprint3.Task0.V1\Tyuiu.NazarovAA.Sprint3.Task0.V1.csproj", "{C04E59FA-C0B7-4A91-967C-E4229F49BDB1}"
EndProject
Project("{FAE04EC0-301F-11D3-BF4B-00C04F79EFBC}") = "Tyuiu.NazarovAA.Sprint3.Task0.V1.Test", "Tyuiu.NazarovAA.Sprint3.Task0.V1.Test\Tyuiu.NazarovAA.Sprint3.Task0.V1.Test.csproj", "{543D89AE-2B7B-433F-9627-ADB5D9A53B7C}"
EndProject
Project("{FAE04EC0-301F-11D3-BF4B-00C04F79EFBC}") = "Tyuiu.NazarovAA.Sprint3.Task0.V1.Lib", "Tyuiu.NazarovAA.Sprint3.Task0.V1.Lib\Tyuiu.NazarovAA.Sprint3.Task0.V1.Lib.csproj", "{C116176F-4CE0-43D4-8EE6-553BF4418AC5}"
EndProject
Project("{2150E333-8FDC-42A3-9474-1A3956D46DE8}") = "Task1", "Task1", "{EE4664FF-187F-4357-86C8-84709A9DC9EE}"
EndProject
Project("{FAE04EC0-301F-11D3-BF4B-00C04F79EFBC}") = "Tyuiu.NazarovAA.Sprint3.Task1.V11", "Tyuiu.NazarovAA.Sprint3.Task1.V11\Tyuiu.NazarovAA.Sprint3.Task1.V11.csproj", "{3F230184-DEAD-446E-9DDC-20797C15FAB6}"
EndProject
Project("{FAE04EC0-301F-11D3-BF4B-00C04F79EFBC}") = "Tyuiu.NazarovAA.Sprint3.Task1.V11.Lib", "Tyuiu.NazarovAA.Sprint3.Task1.V11.Lib\Tyuiu.NazarovAA.Sprint3.Task1.V11.Lib.csproj", "{3496169C-4C20-4FD9-BB4A-432415D21CDB}"
EndProject
Project("{FAE04EC0-301F-11D3-BF4B-00C04F79EFBC}") = "Tyuiu.NazarovAA.Sprint3.Task1.V11.Test", "Tyuiu.NazarovAA.Sprint3.Task1.V11.Test\Tyuiu.NazarovAA.Sprint3.Task1.V11.Test.csproj", "{B6312A5A-4656-4FE4-AA28-E613D77033AC}"
EndProject
Project("{2150E333-8FDC-42A3-9474-1A3956D46DE8}") = "Task2", "Task2", "{FE63F1B3-A52E-473B-8857-8D904891F9AC}"
EndProject
Project("{FAE04EC0-301F-11D3-BF4B-00C04F79EFBC}") = "Tyuiu.NazarovAA.Sprint3.Task2.V24", "Tyuiu.NazarovAA.Sprint3.Task2.V24\Tyuiu.NazarovAA.Sprint3.Task2.V24.csproj", "{800B515A-A452-45B8-8930-8F23CBD9621C}"
EndProject
Project("{FAE04EC0-301F-11D3-BF4B-00C04F79EFBC}") = "Tyuiu.NazarovAA.Sprint3.Task2.V24.Lib", "Tyuiu.NazarovAA.Sprint3.Task2.V24.Lib\Tyuiu.NazarovAA.Sprint3.Task2.V24.Lib.csproj", "{4FECF04D-67D2-426F-ADEC-CCE51C856492}"
EndProject
Project("{FAE04EC0-301F-11D3-BF4B-00C04F79EFBC}") = "Tyuiu.NazarovAA.Sprint3.Task2.V24.Test", "Tyuiu.NazarovAA.Sprint3.Task2.V24.Test\Tyuiu.NazarovAA.Sprint3.Task2.V24.Test.csproj", "{F568EA7E-5C00-4635-9FAA-902E3AE2F608}"
EndProject
Project("{2150E333-8FDC-42A3-9474-1A3956D46DE8}") = "Task3", "Task3", "{A5A25285-E44C-4CD1-BF45-08A47F8C6D04}"
EndProject
Project("{FAE04EC0-301F-11D3-BF4B-00C04F79EFBC}") = "Tyuiu.NazarovAA.Sprint3.Task3.V2", "Tyuiu.NazarovAA.Sprint3.Task3.V2\Tyuiu.NazarovAA.Sprint3.Task3.V2.csproj", "{5B36AFC9-1B7C-4ECC-AEC3-F4851E7F2478}"
EndProject
Project("{FAE04EC0-301F-11D3-BF4B-00C04F79EFBC}") = "Tyuiu.NazarovAA.Sprint3.Task3.V2.Lib", "Tyuiu.NazarovAA.Sprint3.Task3.V2.Lib\Tyuiu.NazarovAA.Sprint3.Task3.V2.Lib.csproj", "{F5E2FA7A-7C33-496D-AE29-C73645A48814}"
EndProject
Project("{FAE04EC0-301F-11D3-BF4B-00C04F79EFBC}") = "Tyuiu.NazarovAA.Sprint3.Task3.V2.Test", "Tyuiu.NazarovAA.Sprint3.Task3.V2.Test\Tyuiu.NazarovAA.Sprint3.Task3.V2.Test.csproj", "{B0225AD8-1E95-43AC-A7F0-FEA3D4DDA2FB}"
EndProject
Global
	GlobalSection(SolutionConfigurationPlatforms) = preSolution
		Debug|Any CPU = Debug|Any CPU
		Release|Any CPU = Release|Any CPU
	EndGlobalSection
	GlobalSection(ProjectConfigurationPlatforms) = postSolution
		{C04E59FA-C0B7-4A91-967C-E4229F49BDB1}.Debug|Any CPU.ActiveCfg = Debug|Any CPU
		{C04E59FA-C0B7-4A91-967C-E4229F49BDB1}.Debug|Any CPU.Build.0 = Debug|Any CPU
		{C04E59FA-C0B7-4A91-967C-E4229F49BDB1}.Release|Any CPU.ActiveCfg = Release|Any CPU
		{C04E59FA-C0B7-4A91-967C-E4229F49BDB1}.Release|Any CPU.Build.0 = Release|Any CPU
		{543D89AE-2B7B-433F-9627-ADB5D9A53B7C}.Debug|Any CPU.ActiveCfg = Debug|Any CPU
		{543D89AE-2B7B-433F-9627-ADB5D9A53B7C}.Debug|Any CPU.Build.0 = Debug|Any CPU
		{543D89AE-2B7B-433F-9627-ADB5D9A53B7C}.Release|Any CPU.ActiveCfg = Release|Any CPU
		{543D89AE-2B7B-433F-9627-ADB5D9A53B7C}.Release|Any CPU.Build.0 = Release|Any CPU
		{C116176F-4CE0-43D4-8EE6-553BF4418AC5}.Debug|Any CPU.ActiveCfg = Debug|Any CPU
		{C116176F-4CE0-43D4-8EE6-553BF4418AC5}.Debug|Any CPU.Build.0 = Debug|Any CPU
		{C116176F-4CE0-43D4-8EE6-553BF4418AC5}.Release|Any CPU.ActiveCfg = Release|Any CPU
		{C116176F-4CE0-43D4-8EE6-553BF4418AC5}.Release|Any CPU.Build.0 = Release|Any CPU
		{3F230184-DEAD-446E-9DDC-20797C15FAB6}.Debug|Any CPU.ActiveCfg = Debug|Any CPU
		{3F230184-DEAD-446E-9DDC-20797C15FAB6}.Debug|Any CPU.Build.0 = Debug|Any CPU
		{3F230184-DEAD-446E-9DDC-20797C15FAB6}.Release|Any CPU.ActiveCfg = Release|Any CPU
		{3F230184-DEAD-446E-9DDC-20797C15FAB6}.Release|Any CPU.Build.0 = Release|Any CPU
		{3496169C-4C20-4FD9-BB4A-432415D21CDB}.Debug|Any CPU.ActiveCfg = Debug|Any CPU
		{3496169C-4C20-4FD9-BB4A-432415D21CDB}.Debug|Any CPU.Build.0 = Debug|Any CPU
		{3496169C-4C20-4FD9-BB4A-432415D21CDB}.Release|Any CPU.ActiveCfg = Release|Any CPU
		{3496169C-4C20-4FD9-BB4A-432415D21CDB}.Release|Any CPU.Build.0 = Release|Any CPU
		{B6312A5A-4656-4FE4-AA28-E613D77033AC}.Debug|Any CPU.ActiveCfg = Debug|Any CPU
		{B6312A5A-4656-4FE4-AA28-E613D77033AC}.Debug|Any CPU.Build.0 = Debug|Any CPU
		{B6312A5A-4656-4FE4-AA28-E613D77033AC}.Release|Any CPU.ActiveCfg = Release|Any CPU
		{B6312A5A-4656-4FE4-AA28-E613D77033AC}.Release|Any CPU.Build.0 = Release|Any CPU
		{800B515A-A452-45B8-8930-8F23CBD9621C}.Debug|Any CPU.ActiveCfg = Debug|Any CPU
		{800B515A-A452-45B8-8930-8F23CBD9621C}.Debug|Any CPU.Build.0 = Debug|Any CPU
		{800B515A-A452-45B8-8930-8F23CBD9621C}.Release|Any CPU.ActiveCfg = Release|Any CPU
		{800B515A-A452-45B8-8930-8F23CBD9621C}.Release|Any CPU.Build.0 = Release|Any CPU
		{4FECF04D-67D2-426F-ADEC-CCE51C856492}.Debug|Any CPU.ActiveCfg = Debug|Any CPU
		{4FECF04D-67D2-426F-ADEC-CCE51C856492}.Debug|Any CPU.Build.0 = Debug|Any CPU
		{4FECF04D-67D2-426F-ADEC-CCE51C856492}.Release|Any CPU.ActiveCfg = Release|Any CPU
		{4FECF04D-67D2-426F-ADEC-CCE51C856492}.Release|Any CPU.Build.0 = Release|Any CPU
		{F568EA7E-5C00-4635-9FAA-902E3AE2F608}.Debug|Any CPU.ActiveCfg = Debug|Any CPU
		{F568EA7E-5C00-4635-9FAA-902E3AE2F608}.Debug|Any CPU.Build.0 = Debug|Any CPU
		{F568EA7E-5C00-4635-9FAA-902E3AE2F608}.Release|Any CPU.ActiveCfg = Release|Any CPU
		{F568EA7E-5C00-4635-9FAA-902E3AE2F608}.Release|Any CPU.Build.0 = Release|Any CPU
		{5B36AFC9-1B7C-4ECC-AEC3-F4851E7F2478}.Debug|Any CPU.ActiveCfg = Debug|Any CPU
		{5B36AFC9-1B7C-4ECC-AEC3-F4851E7F2478}.Debug|Any CPU.Build.0 = Debug|Any CPU
		{5B36AFC9-1B7C-4ECC-AEC3-F4851E7F2478}.Release|Any CPU.ActiveCfg = Release|Any CPU
		{5B36AFC9-1B7C-4ECC-AEC3-F4851E7F2478}.Release|Any CPU.Build.0 = Release|Any CPU
		{F5E2FA7A-7C33-496D-AE29-C73645A48814}.Debug|Any CPU.ActiveCfg = Debug|Any CPU
		{F5E2FA7A-7C33-496D-AE29-C73645A48814}.Debug|Any CPU.Build.0 = Debug|Any CPU
		{F5E2FA7A-7C33-496D-AE29-C73645A48814}.Release|Any CPU.ActiveCfg = Release|Any CPU
		{F5E2FA7A-7C33-496D-AE29-C73645A48814}.Release|Any CPU.Build.0 = Release|Any CPU
		{B0225AD8-1E95-43AC-A7F0-FEA3D4DDA2FB}.Debug|Any CPU.ActiveCfg = Debug|Any CPU
		{B0225AD8-1E95-43AC-A7F0-FEA3D4DDA2FB}.Debug|Any CPU.Build.0 = Debug|Any CPU
		{B0225AD8-1E95-43AC-A7F0-FEA3D4DDA2FB}.Release|Any CPU.ActiveCfg = Release|Any CPU
		{B0225AD8-1E95-43AC-A7F0-FEA3D4DDA2FB}.Release|Any CPU.Build.0 = Release|Any CPU
	EndGlobalSection
	GlobalSection(SolutionProperties) = preSolution
		HideSolutionNode = FALSE
	EndGlobalSection
	GlobalSection(NestedProjects) = preSolution
		{C04E59FA-C0B7-4A91-967C-E4229F49BDB1} = {02EA681E-C7D8-13C7-8484-4AC65E1B71E8}
		{543D89AE-2B7B-433F-9627-ADB5D9A53B7C} = {02EA681E-C7D8-13C7-8484-4AC65E1B71E8}
		{C116176F-4CE0-43D4-8EE6-553BF4418AC5} = {02EA681E-C7D8-13C7-8484-4AC65E1B71E8}
		{3F230184-DEAD-446E-9DDC-20797C15FAB6} = {EE4664FF-187F-4357-86C8-84709A9DC9EE}
		{3496169C-4C20-4FD9-BB4A-432415D21CDB} = {EE4664FF-187F-4357-86C8-84709A9DC9EE}
		{B6312A5A-4656-4FE4-AA28-E613D77033AC} = {EE4664FF-187F-4357-86C8-84709A9DC9EE}
		{800B515A-A452-45B8-8930-8F23CBD9621C} = {FE63F1B3-A52E-473B-8857-8D904891F9AC}
		{4FECF04D-67D2-426F-ADEC-CCE51C856492} = {FE63F1B3-A52E-473B-8857-8D904891F9AC}
		{F568EA7E-5C00-4635-9FAA-902E3AE2F608} = {FE63F1B3-A52E-473B-8857-8D904891F9AC}
		{5B36AFC9-1B7C-4ECC-AEC3-F4851E7F2478} = {A5A25285-E44C-4CD1-BF45-08A47F8C6D04}
		{F5E2FA7A-7C33-496D-AE29-C73645A48814} = {A5A25285-E44C-4CD1-BF45-08A47F8C6D04}
		{B0225AD8-1E95-43AC-A7F0-FEA3D4DDA2FB} = {A5A25285-E44C-4CD1-BF45-08A47F8C6D04}
	EndGlobalSection
	GlobalSection(ExtensibilityGlobals) = postSolution
		SolutionGuid = {D3ED6684-37DA-4148-9615-810CC2135C7D}
	EndGlobalSection
EndGlobal
